// !$*UTF8*$!
{
	archiveVersion = 1;
	classes = {
	};
	objectVersion = 77;
	objects = {

/* Begin PBXBuildFile section */
		BE9234DA2FCE74DA005B16B9 /* GoogleSignIn in Frameworks */ = {isa = PBXBuildFile; productRef = BE9234D92FCE74DA005B16B9 /* GoogleSignIn */; };
		BE9234DC2FCE74DA005B16B9 /* GoogleSignInSwift in Frameworks */ = {isa = PBXBuildFile; productRef = BE9234DB2FCE74DA005B16B9 /* GoogleSignInSwift */; };
		BEC7BB562FCE340800CAC334 /* FirebaseAuth in Frameworks */ = {isa = PBXBuildFile; productRef = BEC7BB552FCE340800CAC334 /* FirebaseAuth */; };
		BEDB6FF52FE49A040083BB12 /* FirebaseFirestore in Frameworks */ = {isa = PBXBuildFile; productRef = BEDB6FF42FE49A040083BB12 /* FirebaseFirestore */; };
/* End PBXBuildFile section */

/* Begin PBXContainerItemProxy section */
		BECFB14C2F58D65C005862A3 /* PBXContainerItemProxy */ = {
			isa = PBXContainerItemProxy;
			containerPortal = BECFB12D2F58D65A005862A3 /* Project object */;
			proxyType = 1;
			remoteGlobalIDString = BECFB1342F58D65A005862A3;
			remoteInfo = Sublytics;
		};
		BECFB1562F58D65C005862A3 /* PBXContainerItemProxy */ = {
			isa = PBXContainerItemProxy;
			containerPortal = BECFB12D2F58D65A005862A3 /* Project object */;
			proxyType = 1;
			remoteGlobalIDString = BECFB1342F58D65A005862A3;
			remoteInfo = Sublytics;
		};
/* End PBXContainerItemProxy section */

/* Begin PBXFileReference section */
		BECFB1352F58D65A005862A3 /* Sublytics.app */ = {isa = PBXFileReference; explicitFileType = wrapper.application; includeInIndex = 0; path = Sublytics.app; sourceTree = BUILT_PRODUCTS_DIR; };
		BECFB14B2F58D65C005862A3 /* SublyticsTests.xctest */ = {isa = PBXFileReference; explicitFileType = wrapper.cfbundle; includeInIndex = 0; path = SublyticsTests.xctest; sourceTree = BUILT_PRODUCTS_DIR; };
		BECFB1552F58D65C005862A3 /* SublyticsUITests.xctest */ = {isa = PBXFileReference; explicitFileType = wrapper.cfbundle; includeInIndex = 0; path = SublyticsUITests.xctest; sourceTree = BUILT_PRODUCTS_DIR; };
/* End PBXFileReference section */

/* Begin PBXFileSystemSynchronizedBuildFileExceptionSet section */
		BECFB15D2F58D65C005862A3 /* Exceptions for "Sublytics" folder in "Sublytics" target */ = {
			isa = PBXFileSystemSynchronizedBuildFileExceptionSet;
			membershipExceptions = (
				Info.plist,
			);
			target = BECFB1342F58D65A005862A3 /* Sublytics */;
		};
/* End PBXFileSystemSynchronizedBuildFileExceptionSet section */

/* Begin PBXFileSystemSynchronizedRootGroup section */
		BECFB1372F58D65A005862A3 /* Sublytics */ = {
			isa = PBXFileSystemSynchronizedRootGroup;
			exceptions = (
				BECFB15D2F58D65C005862A3 /* Exceptions for "Sublytics" folder in "Sublytics" target */,
			);
			path = Sublytics;
			sourceTree = "<group>";
		};
		BECFB14E2F58D65C005862A3 /* SublyticsTests */ = {
			isa = PBXFileSystemSynchronizedRootGroup;
			path = SublyticsTests;
			sourceTree = "<group>";
		};
		BECFB1582F58D65C005862A3 /* SublyticsUITests */ = {
			isa = PBXFileSystemSynchronizedRootGroup;
			path = SublyticsUITests;
			sourceTree = "<group>";
		};
/* End PBXFileSystemSynchronizedRootGroup section */

/* Begin PBXFrameworksBuildPhase section */
		BECFB1322F58D65A005862A3 /* Frameworks */ = {
			isa = PBXFrameworksBuildPhase;
			buildActionMask = 2147483647;
			files = (
				BE9234DC2FCE74DA005B16B9 /* GoogleSignInSwift in Frameworks */,
				BEDB6FF52FE49A040083BB12 /* FirebaseFirestore in Frameworks */,
				BEC7BB562FCE340800CAC334 /* FirebaseAuth in Frameworks */,
				BE9234DA2FCE74DA005B16B9 /* GoogleSignIn in Frameworks */,
			);
			runOnlyForDeploymentPostprocessing = 0;
		};
		BECFB1482F58D65C005862A3 /* Frameworks */ = {
			isa = PBXFrameworksBuildPhase;
			buildActionMask = 2147483647;
			files = (
			);
			runOnlyForDeploymentPostprocessing = 0;
		};
		BECFB1522F58D65C005862A3 /* Frameworks */ = {
			isa = PBXFrameworksBuildPhase;
			buildActionMask = 2147483647;
			files = (
			);
			runOnlyForDeploymentPostprocessing = 0;
		};
/* End PBXFrameworksBuildPhase section */

/* Begin PBXGroup section */
		BECFB12C2F58D65A005862A3 = {
			isa = PBXGroup;
			children = (
				BECFB1372F58D65A005862A3 /* Sublytics */,
				BECFB14E2F58D65C005862A3 /* SublyticsTests */,
				BECFB1582F58D65C005862A3 /* SublyticsUITests */,
				BEDB6FF32FE49A040083BB12 /* Frameworks */,
				BECFB1362F58D65A005862A3 /* Products */,
			);
			sourceTree = "<group>";
		};
		BECFB1362F58D65A005862A3 /* Products */ = {
			isa = PBXGroup;
			children = (
				BECFB1352F58D65A005862A3 /* Sublytics.app */,
				BECFB14B2F58D65C005862A3 /* SublyticsTests.xctest */,
				BECFB1552F58D65C005862A3 /* SublyticsUITests.xctest */,
			);
			name = Products;
			sourceTree = "<group>";
		};
		BEDB6FF32FE49A040083BB12 /* Frameworks */ = {
			isa = PBXGroup;
			children = (
			);
			name = Frameworks;
			sourceTree = "<group>";
		};
/* End PBXGroup section */

/* Begin PBXNativeTarget section */
		BECFB1342F58D65A005862A3 /* Sublytics */ = {
			isa = PBXNativeTarget;
			buildConfigurationList = BECFB15E2F58D65C005862A3 /* Build configuration list for PBXNativeTarget "Sublytics" */;
			buildPhases = (
				BECFB1312F58D65A005862A3 /* Sources */,
				BECFB1322F58D65A005862A3 /* Frameworks */,
				BECFB1332F58D65A005862A3 /* Resources */,
			);
			buildRules = (
			);
			dependencies = (
			);
			fileSystemSynchronizedGroups = (
				BECFB1372F58D65A005862A3 /* Sublytics */,
			);
			name = Sublytics;
			packageProductDependencies = (
				BEC7BB552FCE340800CAC334 /* FirebaseAuth */,
				BE9234D92FCE74DA005B16B9 /* GoogleSignIn */,
				BE9234DB2FCE74DA005B16B9 /* GoogleSignInSwift */,
				BEDB6FF42FE49A040083BB12 /* FirebaseFirestore */,
			);
			productName = Sublytics;
			productReference = BECFB1352F58D65A005862A3 /* Sublytics.app */;
			productType = "com.apple.product-type.application";
		};
		BECFB14A2F58D65C005862A3 /* SublyticsTests */ = {
			isa = PBXNativeTarget;
			buildConfigurationList = BECFB1632F58D65C005862A3 /* Build configuration list for PBXNativeTarget "SublyticsTests" */;
			buildPhases = (
				BECFB1472F58D65C005862A3 /* Sources */,
				BECFB1482F58D65C005862A3 /* Frameworks */,
				BECFB1492F58D65C005862A3 /* Resources */,
			);
			buildRules = (
			);
			dependencies = (
				BECFB14D2F58D65C005862A3 /* PBXTargetDependency */,
			);
			fileSystemSynchronizedGroups = (
				BECFB14E2F58D65C005862A3 /* SublyticsTests */,
			);
			name = SublyticsTests;
			packageProductDependencies = (
			);
			productName = SublyticsTests;
			productReference = BECFB14B2F58D65C005862A3 /* SublyticsTests.xctest */;
			productType = "com.apple.product-type.bundle.unit-test";
		};
		BECFB1542F58D65C005862A3 /* SublyticsUITests */ = {
			isa = PBXNativeTarget;
			buildConfigurationList = BECFB1662F58D65C005862A3 /* Build configuration list for PBXNativeTarget "SublyticsUITests" */;
			buildPhases = (
				BECFB1512F58D65C005862A3 /* Sources */,
				BECFB1522F58D65C005862A3 /* Frameworks */,
				BECFB1532F58D65C005862A3 /* Resources */,
			);
			buildRules = (
			);
			dependencies = (
				BECFB1572F58D65C005862A3 /* PBXTargetDependency */,
			);
			fileSystemSynchronizedGroups = (
				BECFB1582F58D65C005862A3 /* SublyticsUITests */,
			);
			name = SublyticsUITests;
			packageProductDependencies = (
			);
			productName = SublyticsUITests;
			productReference = BECFB1552F58D65C005862A3 /* SublyticsUITests.xctest */;
			productType = "com.apple.product-type.bundle.ui-testing";
		};
/* End PBXNativeTarget section */

/* Begin PBXProject section */
		BECFB12D2F58D65A005862A3 /* Project object */ = {
			isa = PBXProject;
			attributes = {
				BuildIndependentTargetsInParallel = 1;
				LastSwiftUpdateCheck = 2630;
				LastUpgradeCheck = 2630;
				TargetAttributes = {
					BECFB1342F58D65A005862A3 = {
						CreatedOnToolsVersion = 26.3;
					};
					BECFB14A2F58D65C005862A3 = {
						CreatedOnToolsVersion = 26.3;
						TestTargetID = BECFB1342F58D65A005862A3;
					};
					BECFB1542F58D65C005862A3 = {
						CreatedOnToolsVersion = 26.3;
						TestTargetID = BECFB1342F58D65A005862A3;
					};
				};
			};
			buildConfigurationList = BECFB1302F58D65A005862A3 /* Build configuration list for PBXProject "Sublytics" */;
			developmentRegion = en;
			hasScannedForEncodings = 0;
			knownRegions = (
				en,
				Base,
			);
			mainGroup = BECFB12C2F58D65A005862A3;
			minimizedProjectReferenceProxies = 1;
			packageReferences = (
				BEC7BB542FCE340800CAC334 /* XCRemoteSwiftPackageReference "firebase-ios-sdk" */,
				BE9234D82FCE74DA005B16B9 /* XCRemoteSwiftPackageReference "GoogleSignIn-iOS" */,
			);
			preferredProjectObjectVersion = 77;
			productRefGroup = BECFB1362F58D65A005862A3 /* Products */;
			projectDirPath = "";
			projectRoot = "";
			targets = (
				BECFB1342F58D65A005862A3 /* Sublytics */,
				BECFB14A2F58D65C005862A3 /* SublyticsTests */,
				BECFB1542F58D65C005862A3 /* SublyticsUITests */,
			);
		};
/* End PBXProject section */

/* Begin PBXResourcesBuildPhase section */
		BECFB1332F58D65A005862A3 /* Resources */ = {
			isa = PBXResourcesBuildPhase;
			buildActionMask = 2147483647;
			files = (
			);
			runOnlyForDeploymentPostprocessing = 0;
		};
		BECFB1492F58D65C005862A3 /* Resources */ = {
			isa = PBXResourcesBuildPhase;
			buildActionMask = 2147483647;
			files = (
			);
			runOnlyForDeploymentPostprocessing = 0;
		};
		BECFB1532F58D65C005862A3 /* Resources */ = {
			isa = PBXResourcesBuildPhase;
			buildActionMask = 2147483647;
			files = (
			);
			runOnlyForDeploymentPostprocessing = 0;
		};
/* End PBXResourcesBuildPhase section */

/* Begin PBXSourcesBuildPhase section */
		BECFB1312F58D65A005862A3 /* Sources */ = {
			isa = PBXSourcesBuildPhase;
			buildActionMask = 2147483647;
			files = (
			);
			runOnlyForDeploymentPostprocessing = 0;
		};
		BECFB1472F58D65C005862A3 /* Sources */ = {
			isa = PBXSourcesBuildPhase;
			buildActionMask = 2147483647;
			files = (
			);
			runOnlyForDeploymentPostprocessing = 0;
		};
		BECFB1512F58D65C005862A3 /* Sources */ = {
			isa = PBXSourcesBuildPhase;
			buildActionMask = 2147483647;
			files = (
			);
			runOnlyForDeploymentPostprocessing = 0;
		};
/* End PBXSourcesBuildPhase section */

/* Begin PBXTargetDependency section */
		BECFB14D2F58D65C005862A3 /* PBXTargetDependency */ = {
			isa = PBXTargetDependency;
			target = BECFB1342F58D65A005862A3 /* Sublytics */;
			targetProxy = BECFB14C2F58D65C005862A3 /* PBXContainerItemProxy */;
		};
		BECFB1572F58D65C005862A3 /* PBXTargetDependency */ = {
			isa = PBXTargetDependency;
			target = BECFB1342F58D65A005862A3 /* Sublytics */;
			targetProxy = BECFB1562F58D65C005862A3 /* PBXContainerItemProxy */;
		};
/* End PBXTargetDependency section */

/* Begin XCBuildConfiguration section */
		BECFB15F2F58D65C005862A3 /* Debug */ = {
			isa = XCBuildConfiguration;
			buildSettings = {
				ASSETCATALOG_COMPILER_APPICON_NAME = AppIcon;
				ASSETCATALOG_COMPILER_GLOBAL_ACCENT_COLOR_NAME = AccentColor;
				CODE_SIGN_STYLE = Automatic;
				CURRENT_PROJECT_VERSION = 1;
				GENERATE_INFOPLIST_FILE = YES;
				INFOPLIST_FILE = Sublytics/Info.plist;
				INFOPLIST_KEY_UIApplicationSupportsIndirectInputEvents = YES;
				INFOPLIST_KEY_UILaunchStoryboardName = LaunchScreen;
				INFOPLIST_KEY_UIMainStoryboardFile = Main;
				INFOPLIST_KEY_UISupportedInterfaceOrientations_iPad = "UIInterfaceOrientationPortrait UIInterfaceOrientationPortraitUpsideDown UIInterfaceOrientationLandscapeLeft UIInterfaceOrientationLandscapeRight";
				INFOPLIST_KEY_UISupportedInterfaceOrientations_iPhone = "UIInterfaceOrientationPortrait UIInterfaceOrientationLandscapeLeft UIInterfaceOrientationLandscapeRight";
				LD_RUNPATH_SEARCH_PATHS = (
					"$(inherited)",
					"@executable_path/Frameworks",
				);
				MARKETING_VERSION = 1.0;
				PRODUCT_BUNDLE_IDENTIFIER = Sublytics.Sublytics;
				PRODUCT_NAME = "$(TARGET_NAME)";
				STRING_CATALOG_GENERATE_SYMBOLS = YES;
				SWIFT_APPROACHABLE_CONCURRENCY = YES;
				SWIFT_DEFAULT_ACTOR_ISOLATION = MainActor;
				SWIFT_EMIT_LOC_STRINGS = YES;
				SWIFT_UPCOMING_FEATURE_MEMBER_IMPORT_VISIBILITY = YES;
				SWIFT_VERSION = 6.0;
				TARGETED_DEVICE_FAMILY = "1,2";
			};
			name = Debug;
		};
		BECFB1602F58D65C005862A3 /* Release */ = {
			isa = XCBuildConfiguration;
			buildSettings = {
				ASSETCATALOG_COMPILER_APPICON_NAME = AppIcon;
				ASSETCATALOG_COMPILER_GLOBAL_ACCENT_COLOR_NAME = AccentColor;
				CODE_SIGN_STYLE = Automatic;
				CURRENT_PROJECT_VERSION = 1;
				GENERATE_INFOPLIST_FILE = YES;
				INFOPLIST_FILE = Sublytics/Info.plist;
				INFOPLIST_KEY_UIApplicationSupportsIndirectInputEvents = YES;
				INFOPLIST_KEY_UILaunchStoryboardName = LaunchScreen;
				INFOPLIST_KEY_UIMainStoryboardFile = Main;
				INFOPLIST_KEY_UISupportedInterfaceOrientations_iPad = "UIInterfaceOrientationPortrait UIInterfaceOrientationPortraitUpsideDown UIInterfaceOrientationLandscapeLeft UIInterfaceOrientationLandscapeRight";
				INFOPLIST_KEY_UISupportedInterfaceOrientations_iPhone = "UIInterfaceOrientationPortrait UIInterfaceOrientationLandscapeLeft UIInterfaceOrientationLandscapeRight";
				LD_RUNPATH_SEARCH_PATHS = (
					"$(inherited)",
					"@executable_path/Frameworks",
				);
				MARKETING_VERSION = 1.0;
				PRODUCT_BUNDLE_IDENTIFIER = Sublytics.Sublytics;
				PRODUCT_NAME = "$(TARGET_NAME)";
				STRING_CATALOG_GENERATE_SYMBOLS = YES;
				SWIFT_APPROACHABLE_CONCURRENCY = YES;
				SWIFT_DEFAULT_ACTOR_ISOLATION = MainActor;
				SWIFT_EMIT_LOC_STRINGS = YES;
				SWIFT_UPCOMING_FEATURE_MEMBER_IMPORT_VISIBILITY = YES;
				SWIFT_VERSION = 6.0;
				TARGETED_DEVICE_FAMILY = "1,2";
			};
			name = Release;
		};
		BECFB1612F58D65C005862A3 /* Debug */ = {
			isa = XCBuildConfiguration;
			buildSettings = {
				ALWAYS_SEARCH_USER_PATHS = NO;
				ASSETCATALOG_COMPILER_GENERATE_SWIFT_ASSET_SYMBOL_EXTENSIONS = YES;
				CLANG_ANALYZER_NONNULL = YES;
				CLANG_ANALYZER_NUMBER_OBJECT_CONVERSION = YES_AGGRESSIVE;
				CLANG_CXX_LANGUAGE_STANDARD = "gnu++20";
				CLANG_ENABLE_MODULES = YES;
				CLANG_ENABLE_OBJC_ARC = YES;
				CLANG_ENABLE_OBJC_WEAK = YES;
				CLANG_WARN_BLOCK_CAPTURE_AUTORELEASING = YES;
				CLANG_WARN_BOOL_CONVERSION = YES;
				CLANG_WARN_COMMA = YES;
				CLANG_WARN_CONSTANT_CONVERSION = YES;
				CLANG_WARN_DEPRECATED_OBJC_IMPLEMENTATIONS = YES;
				CLANG_WARN_DIRECT_OBJC_ISA_USAGE = YES_ERROR;
				CLANG_WARN_DOCUMENTATION_COMMENTS = YES;
				CLANG_WARN_EMPTY_BODY = YES;
				CLANG_WARN_ENUM_CONVERSION = YES;
				CLANG_WARN_INFINITE_RECURSION = YES;
				CLANG_WARN_INT_CONVERSION = YES;
				CLANG_WARN_NON_LITERAL_NULL_CONVERSION = YES;
				CLANG_WARN_OBJC_IMPLICIT_RETAIN_SELF = YES;
				CLANG_WARN_OBJC_LITERAL_CONVERSION = YES;
				CLANG_WARN_OBJC_ROOT_CLASS = YES_ERROR;
				CLANG_WARN_QUOTED_INCLUDE_IN_FRAMEWORK_HEADER = YES;
				CLANG_WARN_RANGE_LOOP_ANALYSIS = YES;
				CLANG_WARN_STRICT_PROTOTYPES = YES;
				CLANG_WARN_SUSPICIOUS_MOVE = YES;
				CLANG_WARN_UNGUARDED_AVAILABILITY = YES_AGGRESSIVE;
				CLANG_WARN_UNREACHABLE_CODE = YES;
				CLANG_WARN__DUPLICATE_METHOD_MATCH = YES;
				COPY_PHASE_STRIP = NO;
				DEBUG_INFORMATION_FORMAT = dwarf;
				ENABLE_STRICT_OBJC_MSGSEND = YES;
				ENABLE_TESTABILITY = YES;
				ENABLE_USER_SCRIPT_SANDBOXING = YES;
				GCC_C_LANGUAGE_STANDARD = gnu17;
				GCC_DYNAMIC_NO_PIC = NO;
				GCC_NO_COMMON_BLOCKS = YES;
				GCC_OPTIMIZATION_LEVEL = 0;
				GCC_PREPROCESSOR_DEFINITIONS = (
					"DEBUG=1",
					"$(inherited)",
				);
				GCC_WARN_64_TO_32_BIT_CONVERSION = YES;
				GCC_WARN_ABOUT_RETURN_TYPE = YES_ERROR;
				GCC_WARN_UNDECLARED_SELECTOR = YES;
				GCC_WARN_UNINITIALIZED_AUTOS = YES_AGGRESSIVE;
				GCC_WARN_UNUSED_FUNCTION = YES;
				GCC_WARN_UNUSED_VARIABLE = YES;
				IPHONEOS_DEPLOYMENT_TARGET = 26.2;
				LOCALIZATION_PREFERS_STRING_CATALOGS = YES;
				MTL_ENABLE_DEBUG_INFO = INCLUDE_SOURCE;
				MTL_FAST_MATH = YES;
				ONLY_ACTIVE_ARCH = YES;
				SDKROOT = iphoneos;
				SWIFT_ACTIVE_COMPILATION_CONDITIONS = "DEBUG $(inherited)";
				SWIFT_OPTIMIZATION_LEVEL = "-Onone";
			};
			name = Debug;
		};
		BECFB1622F58D65C005862A3 /* Release */ = {
			isa = XCBuildConfiguration;
			buildSettings = {
				ALWAYS_SEARCH_USER_PATHS = NO;
				ASSETCATALOG_COMPILER_GENERATE_SWIFT_ASSET_SYMBOL_EXTENSIONS = YES;
				CLANG_ANALYZER_NONNULL = YES;
				CLANG_ANALYZER_NUMBER_OBJECT_CONVERSION = YES_AGGRESSIVE;
				CLANG_CXX_LANGUAGE_STANDARD = "gnu++20";
				CLANG_ENABLE_MODULES = YES;
				CLANG_ENABLE_OBJC_ARC = YES;
				CLANG_ENABLE_OBJC_WEAK = YES;
				CLANG_WARN_BLOCK_CAPTURE_AUTORELEASING = YES;
				CLANG_WARN_BOOL_CONVERSION = YES;
				CLANG_WARN_COMMA = YES;
				CLANG_WARN_CONSTANT_CONVERSION = YES;
				CLANG_WARN_DEPRECATED_OBJC_IMPLEMENTATIONS = YES;
				CLANG_WARN_DIRECT_OBJC_ISA_USAGE = YES_ERROR;
				CLANG_WARN_DOCUMENTATION_COMMENTS = YES;
				CLANG_WARN_EMPTY_BODY = YES;
				CLANG_WARN_ENUM_CONVERSION = YES;
				CLANG_WARN_INFINITE_RECURSION = YES;
				CLANG_WARN_INT_CONVERSION = YES;
				CLANG_WARN_NON_LITERAL_NULL_CONVERSION = YES;
				CLANG_WARN_OBJC_IMPLICIT_RETAIN_SELF = YES;
				CLANG_WARN_OBJC_LITERAL_CONVERSION = YES;
				CLANG_WARN_OBJC_ROOT_CLASS = YES_ERROR;
				CLANG_WARN_QUOTED_INCLUDE_IN_FRAMEWORK_HEADER = YES;
				CLANG_WARN_RANGE_LOOP_ANALYSIS = YES;
				CLANG_WARN_STRICT_PROTOTYPES = YES;
				CLANG_WARN_SUSPICIOUS_MOVE = YES;
				CLANG_WARN_UNGUARDED_AVAILABILITY = YES_AGGRESSIVE;
				CLANG_WARN_UNREACHABLE_CODE = YES;
				CLANG_WARN__DUPLICATE_METHOD_MATCH = YES;
				COPY_PHASE_STRIP = NO;
				DEBUG_INFORMATION_FORMAT = "dwarf-with-dsym";
				ENABLE_NS_ASSERTIONS = NO;
				ENABLE_STRICT_OBJC_MSGSEND = YES;
				ENABLE_USER_SCRIPT_SANDBOXING = YES;
				GCC_C_LANGUAGE_STANDARD = gnu17;
				GCC_NO_COMMON_BLOCKS = YES;
				GCC_WARN_64_TO_32_BIT_CONVERSION = YES;
				GCC_WARN_ABOUT_RETURN_TYPE = YES_ERROR;
				GCC_WARN_UNDECLARED_SELECTOR = YES;
				GCC_WARN_UNINITIALIZED_AUTOS = YES_AGGRESSIVE;
				GCC_WARN_UNUSED_FUNCTION = YES;
				GCC_WARN_UNUSED_VARIABLE = YES;
				IPHONEOS_DEPLOYMENT_TARGET = 26.2;
				LOCALIZATION_PREFERS_STRING_CATALOGS = YES;
				MTL_ENABLE_DEBUG_INFO = NO;
				MTL_FAST_MATH = YES;
				SDKROOT = iphoneos;
				SWIFT_COMPILATION_MODE = wholemodule;
				VALIDATE_PRODUCT = YES;
			};
			name = Release;
		};
		BECFB1642F58D65C005862A3 /* Debug */ = {
			isa = XCBuildConfiguration;
			buildSettings = {
				BUNDLE_LOADER = "$(TEST_HOST)";
				CODE_SIGN_STYLE = Automatic;
				CURRENT_PROJECT_VERSION = 1;
				GENERATE_INFOPLIST_FILE = YES;
				IPHONEOS_DEPLOYMENT_TARGET = 26.2;
				MARKETING_VERSION = 1.0;
				PRODUCT_BUNDLE_IDENTIFIER = Sublytics.SublyticsTests;
				PRODUCT_NAME = "$(TARGET_NAME)";
				STRING_CATALOG_GENERATE_SYMBOLS = NO;
				SWIFT_APPROACHABLE_CONCURRENCY = YES;
				SWIFT_EMIT_LOC_STRINGS = NO;
				SWIFT_UPCOMING_FEATURE_MEMBER_IMPORT_VISIBILITY = YES;
				SWIFT_VERSION = 5.0;
				TARGETED_DEVICE_FAMILY = "1,2";
				TEST_HOST = "$(BUILT_PRODUCTS_DIR)/Sublytics.app/$(BUNDLE_EXECUTABLE_FOLDER_PATH)/Sublytics";
			};
			name = Debug;
		};
		BECFB1652F58D65C005862A3 /* Release */ = {
			isa = XCBuildConfiguration;
			buildSettings = {
				BUNDLE_LOADER = "$(TEST_HOST)";
				CODE_SIGN_STYLE = Automatic;
				CURRENT_PROJECT_VERSION = 1;
				GENERATE_INFOPLIST_FILE = YES;
				IPHONEOS_DEPLOYMENT_TARGET = 26.2;
				MARKETING_VERSION = 1.0;
				PRODUCT_BUNDLE_IDENTIFIER = Sublytics.SublyticsTests;
				PRODUCT_NAME = "$(TARGET_NAME)";
				STRING_CATALOG_GENERATE_SYMBOLS = NO;
				SWIFT_APPROACHABLE_CONCURRENCY = YES;
				SWIFT_EMIT_LOC_STRINGS = NO;
				SWIFT_UPCOMING_FEATURE_MEMBER_IMPORT_VISIBILITY = YES;
				SWIFT_VERSION = 5.0;
				TARGETED_DEVICE_FAMILY = "1,2";
				TEST_HOST = "$(BUILT_PRODUCTS_DIR)/Sublytics.app/$(BUNDLE_EXECUTABLE_FOLDER_PATH)/Sublytics";
			};
			name = Release;
		};
		BECFB1672F58D65C005862A3 /* Debug */ = {
			isa = XCBuildConfiguration;
			buildSettings = {
				CODE_SIGN_STYLE = Automatic;
				CURRENT_PROJECT_VERSION = 1;
				GENERATE_INFOPLIST_FILE = YES;
				MARKETING_VERSION = 1.0;
				PRODUCT_BUNDLE_IDENTIFIER = Sublytics.SublyticsUITests;
				PRODUCT_NAME = "$(TARGET_NAME)";
				STRING_CATALOG_GENERATE_SYMBOLS = NO;
				SWIFT_APPROACHABLE_CONCURRENCY = YES;
				SWIFT_EMIT_LOC_STRINGS = NO;
				SWIFT_UPCOMING_FEATURE_MEMBER_IMPORT_VISIBILITY = YES;
				SWIFT_VERSION = 5.0;
				TARGETED_DEVICE_FAMILY = "1,2";
				TEST_TARGET_NAME = Sublytics;
			};
			name = Debug;
		};
		BECFB1682F58D65C005862A3 /* Release */ = {
			isa = XCBuildConfiguration;
			buildSettings = {
				CODE_SIGN_STYLE = Automatic;
				CURRENT_PROJECT_VERSION = 1;
				GENERATE_INFOPLIST_FILE = YES;
				MARKETING_VERSION = 1.0;
				PRODUCT_BUNDLE_IDENTIFIER = Sublytics.SublyticsUITests;
				PRODUCT_NAME = "$(TARGET_NAME)";
				STRING_CATALOG_GENERATE_SYMBOLS = NO;
				SWIFT_APPROACHABLE_CONCURRENCY = YES;
				SWIFT_EMIT_LOC_STRINGS = NO;
				SWIFT_UPCOMING_FEATURE_MEMBER_IMPORT_VISIBILITY = YES;
				SWIFT_VERSION = 5.0;
				TARGETED_DEVICE_FAMILY = "1,2";
				TEST_TARGET_NAME = Sublytics;
			};
			name = Release;
		};
/* End XCBuildConfiguration section */

/* Begin XCConfigurationList section */
		BECFB1302F58D65A005862A3 /* Build configuration list for PBXProject "Sublytics" */ = {
			isa = XCConfigurationList;
			buildConfigurations = (
				BECFB1612F58D65C005862A3 /* Debug */,
				BECFB1622F58D65C005862A3 /* Release */,
			);
			defaultConfigurationIsVisible = 0;
			defaultConfigurationName = Release;
		};
		BECFB15E2F58D65C005862A3 /* Build configuration list for PBXNativeTarget "Sublytics" */ = {
			isa = XCConfigurationList;
			buildConfigurations = (
				BECFB15F2F58D65C005862A3 /* Debug */,
				BECFB1602F58D65C005862A3 /* Release */,
			);
			defaultConfigurationIsVisible = 0;
			defaultConfigurationName = Release;
		};
		BECFB1632F58D65C005862A3 /* Build configuration list for PBXNativeTarget "SublyticsTests" */ = {
			isa = XCConfigurationList;
			buildConfigurations = (
				BECFB1642F58D65C005862A3 /* Debug */,
				BECFB1652F58D65C005862A3 /* Release */,
			);
			defaultConfigurationIsVisible = 0;
			defaultConfigurationName = Release;
		};
		BECFB1662F58D65C005862A3 /* Build configuration list for PBXNativeTarget "SublyticsUITests" */ = {
			isa = XCConfigurationList;
			buildConfigurations = (
				BECFB1672F58D65C005862A3 /* Debug */,
				BECFB1682F58D65C005862A3 /* Release */,
			);
			defaultConfigurationIsVisible = 0;
			defaultConfigurationName = Release;
		};
/* End XCConfigurationList section */

/* Begin XCRemoteSwiftPackageReference section */
		BE9234D82FCE74DA005B16B9 /* XCRemoteSwiftPackageReference "GoogleSignIn-iOS" */ = {
			isa = XCRemoteSwiftPackageReference;
			repositoryURL = "https://github.com/google/GoogleSignIn-iOS";
			requirement = {
				kind = upToNextMajorVersion;
				minimumVersion = 9.1.0;
			};
		};
		BEC7BB542FCE340800CAC334 /* XCRemoteSwiftPackageReference "firebase-ios-sdk" */ = {
			isa = XCRemoteSwiftPackageReference;
			repositoryURL = "https://github.com/firebase/firebase-ios-sdk";
			requirement = {
				kind = upToNextMajorVersion;
				minimumVersion = 12.14.0;
			};
		};
/* End XCRemoteSwiftPackageReference section */

/* Begin XCSwiftPackageProductDependency section */
		BE9234D92FCE74DA005B16B9 /* GoogleSignIn */ = {
			isa = XCSwiftPackageProductDependency;
			package = BE9234D82FCE74DA005B16B9 /* XCRemoteSwiftPackageReference "GoogleSignIn-iOS" */;
			productName = GoogleSignIn;
		};
		BE9234DB2FCE74DA005B16B9 /* GoogleSignInSwift */ = {
			isa = XCSwiftPackageProductDependency;
			package = BE9234D82FCE74DA005B16B9 /* XCRemoteSwiftPackageReference "GoogleSignIn-iOS" */;
			productName = GoogleSignInSwift;
		};
		BEC7BB552FCE340800CAC334 /* FirebaseAuth */ = {
			isa = XCSwiftPackageProductDependency;
			package = BEC7BB542FCE340800CAC334 /* XCRemoteSwiftPackageReference "firebase-ios-sdk" */;
			productName = FirebaseAuth;
		};
		BEDB6FF42FE49A040083BB12 /* FirebaseFirestore */ = {
			isa = XCSwiftPackageProductDependency;
			package = BEC7BB542FCE340800CAC334 /* XCRemoteSwiftPackageReference "firebase-ios-sdk" */;
			productName = FirebaseFirestore;
		};
/* End XCSwiftPackageProductDependency section */
	};
	rootObject = BECFB12D2F58D65A005862A3 /* Project object */;
}
